
Microsoft Visual Studio Solution File, Format Version 12.00
# Visual Studio Version 17
VisualStudioVersion = 17.3.32901.215
MinimumVisualStudioVersion = 10.0.40219.1
Project("{FAE04EC0-301F-11D3-BF4B-00C04F79EFBC}") = "ExercicioFixacaoInterface", "ExercicioFixacaoInterface\ExercicioFixacaoInterface.csproj", "{6D9F5DC8-3179-4AFB-9C62-5B5D5CD0D5B5}"
EndProject
Global
	GlobalSection(SolutionConfigurationPlatforms) = preSolution
		Debug|Any CPU = Debug|Any CPU
		Release|Any CPU = Release|Any CPU
	EndGlobalSection
	GlobalSection(ProjectConfigurationPlatforms) = postSolution
		{6D9F5DC8-3179-4AFB-9C62-5B5D5CD0D5B5}.Debug|Any CPU.ActiveCfg = Debug|Any CPU
		{6D9F5DC8-3179-4AFB-9C62-5B5D5CD0D5B5}.Debug|Any CPU.Build.0 = Debug|Any CPU
		{6D9F5DC8-3179-4AFB-9C62-5B5D5CD0D5B5}.Release|Any CPU.ActiveCfg = Release|Any CPU
		{6D9F5DC8-3179-4AFB-9C62-5B5D5CD0D5B5}.Release|Any CPU.Build.0 = Release|Any CPU
	EndGlobalSection
	GlobalSection(SolutionProperties) = preSolution
		HideSolutionNode = FALSE
	EndGlobalSection
	GlobalSection(ExtensibilityGlobals) = postSolution
		SolutionGuid = {693F3DD1-B718-43BC-A887-E382A1322318}
	EndGlobalSection
EndGlobal
