
Microsoft Visual Studio Solution File, Format Version 12.00
# Visual Studio Version 17
VisualStudioVersion = 17.3.32901.215
MinimumVisualStudioVersion = 10.0.40219.1
Project("{FAE04EC0-301F-11D3-BF4B-00C04F79EFBC}") = "CursoNelio", "CursoNelio\CursoNelio.csproj", "{E8FD3E0E-BF5B-43FE-8B6F-DB87E5B0E945}"
EndProject
Global
	GlobalSection(SolutionConfigurationPlatforms) = preSolution
		Debug|Any CPU = Debug|Any CPU
		Release|Any CPU = Release|Any CPU
	EndGlobalSection
	GlobalSection(ProjectConfigurationPlatforms) = postSolution
		{E8FD3E0E-BF5B-43FE-8B6F-DB87E5B0E945}.Debug|Any CPU.ActiveCfg = Debug|Any CPU
		{E8FD3E0E-BF5B-43FE-8B6F-DB87E5B0E945}.Debug|Any CPU.Build.0 = Debug|Any CPU
		{E8FD3E0E-BF5B-43FE-8B6F-DB87E5B0E945}.Release|Any CPU.ActiveCfg = Release|Any CPU
		{E8FD3E0E-BF5B-43FE-8B6F-DB87E5B0E945}.Release|Any CPU.Build.0 = Release|Any CPU
	EndGlobalSection
	GlobalSection(SolutionProperties) = preSolution
		HideSolutionNode = FALSE
	EndGlobalSection
	GlobalSection(ExtensibilityGlobals) = postSolution
		SolutionGuid = {C5412E74-8349-4EA4-9141-6BE51D44D22B}
	EndGlobalSection
EndGlobal
