
Microsoft Visual Studio Solution File, Format Version 12.00
# Visual Studio Version 17
VisualStudioVersion = 17.3.32901.215
MinimumVisualStudioVersion = 10.0.40219.1
Project("{FAE04EC0-301F-11D3-BF4B-00C04F79EFBC}") = "ExercicioFixacaoArquivos", "ExercicioFixacaoArquivos\ExercicioFixacaoArquivos.csproj", "{3BE51E93-55F5-4CF0-BC2D-9845A7A157AD}"
EndProject
Global
	GlobalSection(SolutionConfigurationPlatforms) = preSolution
		Debug|Any CPU = Debug|Any CPU
		Release|Any CPU = Release|Any CPU
	EndGlobalSection
	GlobalSection(ProjectConfigurationPlatforms) = postSolution
		{3BE51E93-55F5-4CF0-BC2D-9845A7A157AD}.Debug|Any CPU.ActiveCfg = Debug|Any CPU
		{3BE51E93-55F5-4CF0-BC2D-9845A7A157AD}.Debug|Any CPU.Build.0 = Debug|Any CPU
		{3BE51E93-55F5-4CF0-BC2D-9845A7A157AD}.Release|Any CPU.ActiveCfg = Release|Any CPU
		{3BE51E93-55F5-4CF0-BC2D-9845A7A157AD}.Release|Any CPU.Build.0 = Release|Any CPU
	EndGlobalSection
	GlobalSection(SolutionProperties) = preSolution
		HideSolutionNode = FALSE
	EndGlobalSection
	GlobalSection(ExtensibilityGlobals) = postSolution
		SolutionGuid = {C7D15843-4CDD-425D-9F7C-897ACBFBDE10}
	EndGlobalSection
EndGlobal
