
Microsoft Visual Studio Solution File, Format Version 12.00
# Visual Studio Version 17
VisualStudioVersion = 17.3.32901.215
MinimumVisualStudioVersion = 10.0.40219.1
Project("{FAE04EC0-301F-11D3-BF4B-00C04F79EFBC}") = "ExtensionMethods", "ExtensionMethods\ExtensionMethods.csproj", "{841A398A-8B02-40CD-9227-F099D3483197}"
EndProject
Global
	GlobalSection(SolutionConfigurationPlatforms) = preSolution
		Debug|Any CPU = Debug|Any CPU
		Release|Any CPU = Release|Any CPU
	EndGlobalSection
	GlobalSection(ProjectConfigurationPlatforms) = postSolution
		{841A398A-8B02-40CD-9227-F099D3483197}.Debug|Any CPU.ActiveCfg = Debug|Any CPU
		{841A398A-8B02-40CD-9227-F099D3483197}.Debug|Any CPU.Build.0 = Debug|Any CPU
		{841A398A-8B02-40CD-9227-F099D3483197}.Release|Any CPU.ActiveCfg = Release|Any CPU
		{841A398A-8B02-40CD-9227-F099D3483197}.Release|Any CPU.Build.0 = Release|Any CPU
	EndGlobalSection
	GlobalSection(SolutionProperties) = preSolution
		HideSolutionNode = FALSE
	EndGlobalSection
	GlobalSection(ExtensibilityGlobals) = postSolution
		SolutionGuid = {5BCA564E-EABC-4920-8D0E-75EE4466C0DC}
	EndGlobalSection
EndGlobal
