
Microsoft Visual Studio Solution File, Format Version 12.00
# Visual Studio Version 17
VisualStudioVersion = 17.3.32901.215
MinimumVisualStudioVersion = 10.0.40219.1
Project("{FAE04EC0-301F-11D3-BF4B-00C04F79EFBC}") = "HashSetSortedSet", "HashSetSortedSet\HashSetSortedSet.csproj", "{0D616EE2-8CC3-4B97-AE41-C4BDB7E91C6F}"
EndProject
Global
	GlobalSection(SolutionConfigurationPlatforms) = preSolution
		Debug|Any CPU = Debug|Any CPU
		Release|Any CPU = Release|Any CPU
	EndGlobalSection
	GlobalSection(ProjectConfigurationPlatforms) = postSolution
		{0D616EE2-8CC3-4B97-AE41-C4BDB7E91C6F}.Debug|Any CPU.ActiveCfg = Debug|Any CPU
		{0D616EE2-8CC3-4B97-AE41-C4BDB7E91C6F}.Debug|Any CPU.Build.0 = Debug|Any CPU
		{0D616EE2-8CC3-4B97-AE41-C4BDB7E91C6F}.Release|Any CPU.ActiveCfg = Release|Any CPU
		{0D616EE2-8CC3-4B97-AE41-C4BDB7E91C6F}.Release|Any CPU.Build.0 = Release|Any CPU
	EndGlobalSection
	GlobalSection(SolutionProperties) = preSolution
		HideSolutionNode = FALSE
	EndGlobalSection
	GlobalSection(ExtensibilityGlobals) = postSolution
		SolutionGuid = {2936E74D-4992-4C26-8DD4-2A93B75934D6}
	EndGlobalSection
EndGlobal
