
Microsoft Visual Studio Solution File, Format Version 12.00
# Visual Studio Version 17
VisualStudioVersion = 17.3.32901.215
MinimumVisualStudioVersion = 10.0.40219.1
Project("{FAE04EC0-301F-11D3-BF4B-00C04F79EFBC}") = "Generics", "Generics\Generics.csproj", "{2B17490C-0CB4-4A8E-AD02-D3CC31CD90DA}"
EndProject
Global
	GlobalSection(SolutionConfigurationPlatforms) = preSolution
		Debug|Any CPU = Debug|Any CPU
		Release|Any CPU = Release|Any CPU
	EndGlobalSection
	GlobalSection(ProjectConfigurationPlatforms) = postSolution
		{2B17490C-0CB4-4A8E-AD02-D3CC31CD90DA}.Debug|Any CPU.ActiveCfg = Debug|Any CPU
		{2B17490C-0CB4-4A8E-AD02-D3CC31CD90DA}.Debug|Any CPU.Build.0 = Debug|Any CPU
		{2B17490C-0CB4-4A8E-AD02-D3CC31CD90DA}.Release|Any CPU.ActiveCfg = Release|Any CPU
		{2B17490C-0CB4-4A8E-AD02-D3CC31CD90DA}.Release|Any CPU.Build.0 = Release|Any CPU
	EndGlobalSection
	GlobalSection(SolutionProperties) = preSolution
		HideSolutionNode = FALSE
	EndGlobalSection
	GlobalSection(ExtensibilityGlobals) = postSolution
		SolutionGuid = {FF1FAB6D-9E36-4F01-B8B2-F09F908B249B}
	EndGlobalSection
EndGlobal
