
Microsoft Visual Studio Solution File, Format Version 12.00
# Visual Studio Version 17
VisualStudioVersion = 17.3.32901.215
MinimumVisualStudioVersion = 10.0.40219.1
Project("{FAE04EC0-301F-11D3-BF4B-00C04F79EFBC}") = "StreamWriter", "StreamWriter\StreamWriter.csproj", "{7F4754C2-D63D-4B04-9BCE-54E7FC6C7AE5}"
EndProject
Global
	GlobalSection(SolutionConfigurationPlatforms) = preSolution
		Debug|Any CPU = Debug|Any CPU
		Release|Any CPU = Release|Any CPU
	EndGlobalSection
	GlobalSection(ProjectConfigurationPlatforms) = postSolution
		{7F4754C2-D63D-4B04-9BCE-54E7FC6C7AE5}.Debug|Any CPU.ActiveCfg = Debug|Any CPU
		{7F4754C2-D63D-4B04-9BCE-54E7FC6C7AE5}.Debug|Any CPU.Build.0 = Debug|Any CPU
		{7F4754C2-D63D-4B04-9BCE-54E7FC6C7AE5}.Release|Any CPU.ActiveCfg = Release|Any CPU
		{7F4754C2-D63D-4B04-9BCE-54E7FC6C7AE5}.Release|Any CPU.Build.0 = Release|Any CPU
	EndGlobalSection
	GlobalSection(SolutionProperties) = preSolution
		HideSolutionNode = FALSE
	EndGlobalSection
	GlobalSection(ExtensibilityGlobals) = postSolution
		SolutionGuid = {51CCB754-4FE1-400E-A7B8-8BD842452F17}
	EndGlobalSection
EndGlobal
